Microsoft Visual Studio Solution File, Format Version 12.00
# Visual Studio Version 17
VisualStudioVersion = 17.5.2.0
MinimumVisualStudioVersion = 10.0.40219.1
Project("{FAE04EC0-301F-11D3-BF4B-00C04F79EFBC}") = "StudentGradeSystem", "StudentGradeSystem.csproj", "{5B0D0620-DA1F-5009-4B75-C9BDE1D5E39C}"
EndProject
Global
	GlobalSection(SolutionConfigurationPlatforms) = preSolution
		Debug|Any CPU = Debug|Any CPU
		Release|Any CPU = Release|Any CPU
	EndGlobalSection
	GlobalSection(ProjectConfigurationPlatforms) = postSolution
		{5B0D0620-DA1F-5009-4B75-C9BDE1D5E39C}.Debug|Any CPU.ActiveCfg = Debug|Any CPU
		{5B0D0620-DA1F-5009-4B75-C9BDE1D5E39C}.Debug|Any CPU.Build.0 = Debug|Any CPU
		{5B0D0620-DA1F-5009-4B75-C9BDE1D5E39C}.Release|Any CPU.ActiveCfg = Release|Any CPU
		{5B0D0620-DA1F-5009-4B75-C9BDE1D5E39C}.Release|Any CPU.Build.0 = Release|Any CPU
	EndGlobalSection
	GlobalSection(SolutionProperties) = preSolution
		HideSolutionNode = FALSE
	EndGlobalSection
	GlobalSection(ExtensibilityGlobals) = postSolution
		SolutionGuid = {25554C9B-636F-4A67-BE42-8EDA90E534F2}
	EndGlobalSection
EndGlobal
